
Microsoft Visual Studio Solution File, Format Version 12.00
# Visual Studio Version 17
VisualStudioVersion = 17.0.31903.59
MinimumVisualStudioVersion = 10.0.40219.1
Project("{FAE04EC0-301F-11D3-BF4B-00C04F79EFBC}") = "QualifyAI.BuildingBlocks.Application", "src\Shared\QualifyAI.BuildingBlocks.Application\QualifyAI.BuildingBlocks.Application.csproj", "{AB668BD8-B332-59EE-AC60-71090CE4277C}"
EndProject
Project("{FAE04EC0-301F-11D3-BF4B-00C04F79EFBC}") = "QualifyAI.BuildingBlocks.Domain", "src\Shared\QualifyAI.BuildingBlocks.Domain\QualifyAI.BuildingBlocks.Domain.csproj", "{E5296106-61E9-5E6E-8ED0-BF577585756B}"
EndProject
Project("{FAE04EC0-301F-11D3-BF4B-00C04F79EFBC}") = "QualifyAI.BuildingBlocks.Messaging", "src\Shared\QualifyAI.BuildingBlocks.Messaging\QualifyAI.BuildingBlocks.Messaging.csproj", "{BE0B9D19-EECD-5966-A269-61C2AF95F9A0}"
EndProject
Project("{FAE04EC0-301F-11D3-BF4B-00C04F79EFBC}") = "QualifyAI.BuildingBlocks.Security", "src\Shared\QualifyAI.BuildingBlocks.Security\QualifyAI.BuildingBlocks.Security.csproj", "{8A1CB06B-63BB-57F9-BF12-9C4501305CA1}"
EndProject
Project("{FAE04EC0-301F-11D3-BF4B-00C04F79EFBC}") = "QualifyAI.Api", "src\Platform\Presentation\QualifyAI.Api\QualifyAI.Api.csproj", "{D68B20CC-D73A-533A-95BC-4BFEDE05ADA9}"
EndProject
Project("{FAE04EC0-301F-11D3-BF4B-00C04F79EFBC}") = "QualifyAI.Application", "src\Platform\Application\QualifyAI.Application\QualifyAI.Application.csproj", "{7973FB41-F398-55B2-8203-289E02E8A3B7}"
EndProject
Project("{FAE04EC0-301F-11D3-BF4B-00C04F79EFBC}") = "QualifyAI.Application.Commands", "src\Platform\Application\QualifyAI.Application.Commands\QualifyAI.Application.Commands.csproj", "{A9AD22B0-361B-5978-9015-7FE689EEF085}"
EndProject
Project("{FAE04EC0-301F-11D3-BF4B-00C04F79EFBC}") = "QualifyAI.Application.Queries", "src\Platform\Application\QualifyAI.Application.Queries\QualifyAI.Application.Queries.csproj", "{4846ED08-F006-522E-A94F-9AAF598B46CA}"
EndProject
Project("{FAE04EC0-301F-11D3-BF4B-00C04F79EFBC}") = "QualifyAI.Domain.Core", "src\Platform\Core\QualifyAI.Domain.Core\QualifyAI.Domain.Core.csproj", "{F6ED0407-46FD-5462-B480-DF9732D0AC5E}"
EndProject
Project("{FAE04EC0-301F-11D3-BF4B-00C04F79EFBC}") = "QualifyAI.Infrastructure", "src\Platform\Infrastructure\QualifyAI.Infrastructure\QualifyAI.Infrastructure.csproj", "{348AC5C8-A07C-5864-8F9B-66AE91E607C7}"
EndProject
Project("{FAE04EC0-301F-11D3-BF4B-00C04F79EFBC}") = "QualifyAI.Contracts", "src\Platform\Application\QualifyAI.Contracts\QualifyAI.Contracts.csproj", "{DCE42DF7-DB11-5200-8913-2A438C14D4A0}"
EndProject
Project("{FAE04EC0-301F-11D3-BF4B-00C04F79EFBC}") = "QualifyAI.AppHost", "src\Orchestration\QualifyAI.AppHost\QualifyAI.AppHost.csproj", "{D87261F7-7087-5B54-A474-E449BEC9E8ED}"
EndProject
Project("{FAE04EC0-301F-11D3-BF4B-00C04F79EFBC}") = "QualifyAI.ServiceDefaults", "src\Shared\QualifyAI.ServiceDefaults\QualifyAI.ServiceDefaults.csproj", "{FF92E890-03EF-54EE-BC0A-7740E23C5FB8}"
EndProject
Project("{FAE04EC0-301F-11D3-BF4B-00C04F79EFBC}") = "QualifyAI.AIOrchestration.Application", "src\Platform\Modules\AIOrchestration\QualifyAI.AIOrchestration.Application\QualifyAI.AIOrchestration.Application.csproj", "{BC214980-BAC0-5CAA-9E41-8788EC193175}"
EndProject
Project("{FAE04EC0-301F-11D3-BF4B-00C04F79EFBC}") = "QualifyAI.AIOrchestration.Domain", "src\Platform\Modules\AIOrchestration\QualifyAI.AIOrchestration.Domain\QualifyAI.AIOrchestration.Domain.csproj", "{FDEA9AF8-4746-51EB-8527-A7DF53FAC129}"
EndProject
Project("{FAE04EC0-301F-11D3-BF4B-00C04F79EFBC}") = "QualifyAI.AIOrchestration.Infrastructure", "src\Platform\Modules\AIOrchestration\QualifyAI.AIOrchestration.Infrastructure\QualifyAI.AIOrchestration.Infrastructure.csproj", "{D10ADF4A-B170-5152-BEDE-C6D6D20237CA}"
EndProject
Project("{FAE04EC0-301F-11D3-BF4B-00C04F79EFBC}") = "QualifyAI.Automation.Application", "src\Platform\Modules\Automation\QualifyAI.Automation.Application\QualifyAI.Automation.Application.csproj", "{C2AEF255-7DE4-5746-983C-1490C679DA8F}"
EndProject
Project("{FAE04EC0-301F-11D3-BF4B-00C04F79EFBC}") = "QualifyAI.Automation.Domain", "src\Platform\Modules\Automation\QualifyAI.Automation.Domain\QualifyAI.Automation.Domain.csproj", "{F9F873C0-92F7-5B73-87AD-71ADCB1F28A1}"
EndProject
Project("{FAE04EC0-301F-11D3-BF4B-00C04F79EFBC}") = "QualifyAI.Automation.Infrastructure", "src\Platform\Modules\Automation\QualifyAI.Automation.Infrastructure\QualifyAI.Automation.Infrastructure.csproj", "{3AAA0077-B4C1-5C57-9138-1CA288DDE49C}"
EndProject
Project("{FAE04EC0-301F-11D3-BF4B-00C04F79EFBC}") = "QualifyAI.Identity.Api", "src\Identity\QualifyAI.Identity.Api\QualifyAI.Identity.Api.csproj", "{E6FC32F2-B85E-5EC4-ABDA-F4F815FF4CF7}"
EndProject
Project("{FAE04EC0-301F-11D3-BF4B-00C04F79EFBC}") = "QualifyAI.Identity.Application", "src\Identity\QualifyAI.Identity.Application\QualifyAI.Identity.Application.csproj", "{35CB5B43-D867-5D7A-AF17-12668F566A21}"
EndProject
Project("{FAE04EC0-301F-11D3-BF4B-00C04F79EFBC}") = "QualifyAI.Identity.Domain", "src\Identity\QualifyAI.Identity.Domain\QualifyAI.Identity.Domain.csproj", "{1799B5CA-7366-52CC-8883-2DEF6E55AC6A}"
EndProject
Project("{FAE04EC0-301F-11D3-BF4B-00C04F79EFBC}") = "QualifyAI.Identity.Infrastructure", "src\Identity\QualifyAI.Identity.Infrastructure\QualifyAI.Identity.Infrastructure.csproj", "{9740EC44-6103-57A9-9CAE-D1B8DC192876}"
EndProject
Project("{FAE04EC0-301F-11D3-BF4B-00C04F79EFBC}") = "QualifyAI.Integrations.Application", "src\Platform\Modules\Integrations\QualifyAI.Integrations.Application\QualifyAI.Integrations.Application.csproj", "{0C7D99C4-9423-56CD-B3EC-206CC0985E7B}"
EndProject
Project("{FAE04EC0-301F-11D3-BF4B-00C04F79EFBC}") = "QualifyAI.Integrations.Domain", "src\Platform\Modules\Integrations\QualifyAI.Integrations.Domain\QualifyAI.Integrations.Domain.csproj", "{0E048687-1A29-53FF-A1AD-0FD42B3A6723}"
EndProject
Project("{FAE04EC0-301F-11D3-BF4B-00C04F79EFBC}") = "QualifyAI.Integrations.Infrastructure", "src\Platform\Modules\Integrations\QualifyAI.Integrations.Infrastructure\QualifyAI.Integrations.Infrastructure.csproj", "{90701FF1-3729-507C-A47F-C696FE28616B}"
EndProject
Project("{FAE04EC0-301F-11D3-BF4B-00C04F79EFBC}") = "QualifyAI.Knowledge.Application", "src\Platform\Modules\Knowledge\QualifyAI.Knowledge.Application\QualifyAI.Knowledge.Application.csproj", "{18A2BFBE-2392-563F-A838-2A5B55AA56BC}"
EndProject
Project("{FAE04EC0-301F-11D3-BF4B-00C04F79EFBC}") = "QualifyAI.Knowledge.Domain", "src\Platform\Modules\Knowledge\QualifyAI.Knowledge.Domain\QualifyAI.Knowledge.Domain.csproj", "{B56C0D26-2C08-5B5C-9F4F-25C21260929D}"
EndProject
Project("{FAE04EC0-301F-11D3-BF4B-00C04F79EFBC}") = "QualifyAI.Knowledge.Infrastructure", "src\Platform\Modules\Knowledge\QualifyAI.Knowledge.Infrastructure\QualifyAI.Knowledge.Infrastructure.csproj", "{99F6A57D-3CF4-530F-A3AE-3387CCE6C021}"
EndProject
Project("{FAE04EC0-301F-11D3-BF4B-00C04F79EFBC}") = "QualifyAI.Notifications.Application", "src\Platform\Modules\Notifications\QualifyAI.Notifications.Application\QualifyAI.Notifications.Application.csproj", "{74102591-22D2-57B2-9FB2-FE8A1F62BBCA}"
EndProject
Project("{FAE04EC0-301F-11D3-BF4B-00C04F79EFBC}") = "QualifyAI.Notifications.Domain", "src\Platform\Modules\Notifications\QualifyAI.Notifications.Domain\QualifyAI.Notifications.Domain.csproj", "{07324B7A-20B3-559C-8791-9EE3C368E594}"
EndProject
Project("{FAE04EC0-301F-11D3-BF4B-00C04F79EFBC}") = "QualifyAI.Notifications.Infrastructure", "src\Platform\Modules\Notifications\QualifyAI.Notifications.Infrastructure\QualifyAI.Notifications.Infrastructure.csproj", "{7C3FE388-420C-5AEA-BDBB-0AB274A947B9}"
EndProject
Project("{FAE04EC0-301F-11D3-BF4B-00C04F79EFBC}") = "QualifyAI.ApiGateway", "src\ApiGateway\QualifyAI.ApiGateway\QualifyAI.ApiGateway.csproj", "{A18D4C9E-F4DA-4DF0-9B13-6CDE7D308EE1}"
EndProject
Project("{E53339B2-1760-4266-BCC7-CA923CBCF16C}") = "QualifyAI.Infrastructure.Hosting", "src\Infrastructure\QualifyAI.Infrastructure.Hosting\QualifyAI.Infrastructure.Hosting.dcproj", "{B5983083-2E3B-4EF4-B23D-9F731D3370EA}"
EndProject
Project("{2150E333-8FDC-42A3-9474-1A3956D46DE8}") = "ApiGateway", "ApiGateway", "{10000000-0000-0000-0000-000000000001}"
EndProject
Project("{2150E333-8FDC-42A3-9474-1A3956D46DE8}") = "Platform", "Platform", "{10000000-0000-0000-0000-000000000002}"
EndProject
Project("{2150E333-8FDC-42A3-9474-1A3956D46DE8}") = "Modules", "Modules", "{10000000-0000-0000-0000-000000000003}"
EndProject
Project("{2150E333-8FDC-42A3-9474-1A3956D46DE8}") = "Identity", "Identity", "{10000000-0000-0000-0000-000000000004}"
EndProject
Project("{2150E333-8FDC-42A3-9474-1A3956D46DE8}") = "Shared", "Shared", "{10000000-0000-0000-0000-000000000005}"
EndProject
Project("{2150E333-8FDC-42A3-9474-1A3956D46DE8}") = "Orchestration", "Orchestration", "{10000000-0000-0000-0000-000000000006}"
EndProject
Project("{2150E333-8FDC-42A3-9474-1A3956D46DE8}") = "Infrastructure", "Infrastructure", "{10000000-0000-0000-0000-000000000007}"
	ProjectSection(SolutionItems) = preProject
		src\Infrastructure\QualifyAI.Infrastructure.Hosting\QualifyAI.Infrastructure.Hosting.dcproj = src\Infrastructure\QualifyAI.Infrastructure.Hosting\QualifyAI.Infrastructure.Hosting.dcproj
	EndProjectSection
EndProject
Project("{FAE04EC0-301F-11D3-BF4B-00C04F79EFBC}") = "QualifyAI.Persistence.SqlServer", "src\Platform\Persistence\QualifyAI.Persistence.SqlServer\QualifyAI.Persistence.SqlServer.csproj", "{2935135C-9BB5-5615-990B-EA91C14DE056}"
EndProject
Project("{FAE04EC0-301F-11D3-BF4B-00C04F79EFBC}") = "QualifyAI.Identity.Persistence.SqlServer", "src\Identity\QualifyAI.Identity.Persistence.SqlServer\QualifyAI.Identity.Persistence.SqlServer.csproj", "{9F7CD153-E523-5E64-95BA-BABA75A054CE}"
EndProject
Project("{FAE04EC0-301F-11D3-BF4B-00C04F79EFBC}") = "QualifyAI.Automation.Persistence.SqlServer", "src\Platform\Modules\Automation\QualifyAI.Automation.Persistence.SqlServer\QualifyAI.Automation.Persistence.SqlServer.csproj", "{9CC6FFCD-B01E-5185-B614-E92EE0A34D61}"
EndProject
Project("{FAE04EC0-301F-11D3-BF4B-00C04F79EFBC}") = "QualifyAI.Notifications.Persistence.SqlServer", "src\Platform\Modules\Notifications\QualifyAI.Notifications.Persistence.SqlServer\QualifyAI.Notifications.Persistence.SqlServer.csproj", "{C8EB1E76-54DB-5611-AF57-A1ADFB377498}"
EndProject
Project("{FAE04EC0-301F-11D3-BF4B-00C04F79EFBC}") = "QualifyAI.Integrations.Persistence.SqlServer", "src\Platform\Modules\Integrations\QualifyAI.Integrations.Persistence.SqlServer\QualifyAI.Integrations.Persistence.SqlServer.csproj", "{C39D79FD-C185-5850-9F88-79D5E2A1D950}"
EndProject
Project("{FAE04EC0-301F-11D3-BF4B-00C04F79EFBC}") = "QualifyAI.Knowledge.Persistence.SqlServer", "src\Platform\Modules\Knowledge\QualifyAI.Knowledge.Persistence.SqlServer\QualifyAI.Knowledge.Persistence.SqlServer.csproj", "{26AF86E3-8557-5712-8199-370046A050F0}"
EndProject
Project("{FAE04EC0-301F-11D3-BF4B-00C04F79EFBC}") = "QualifyAI.AIOrchestration.Persistence.SqlServer", "src\Platform\Modules\AIOrchestration\QualifyAI.AIOrchestration.Persistence.SqlServer\QualifyAI.AIOrchestration.Persistence.SqlServer.csproj", "{67731601-3B21-5599-A21D-B91B5C135A62}"
EndProject
Project("{2150E333-8FDC-42A3-9474-1A3956D46DE8}") = "src", "src", "{827E0CD3-B72D-47B6-A68D-7590B98EB39B}"
EndProject
Project("{2150E333-8FDC-42A3-9474-1A3956D46DE8}") = "Platform", "Platform", "{4DF80442-A1E5-CC28-AE7B-27B5F9BFE52B}"
EndProject
Project("{2150E333-8FDC-42A3-9474-1A3956D46DE8}") = "Infrastructure", "Infrastructure", "{BC33A97B-D5EF-9001-1718-78DEB6F4F633}"
EndProject
Project("{2150E333-8FDC-42A3-9474-1A3956D46DE8}") = "Core", "Core", "{826779E8-57FD-1901-545C-70DC32320314}"
EndProject
Project("{2150E333-8FDC-42A3-9474-1A3956D46DE8}") = "Persistence", "Persistence", "{A998504A-201A-D09C-1B87-6D38A1C890C2}"
EndProject
Project("{2150E333-8FDC-42A3-9474-1A3956D46DE8}") = "Application", "Application", "{75FAD260-71C0-1C82-6492-D04CD34383EF}"
EndProject
Project("{2150E333-8FDC-42A3-9474-1A3956D46DE8}") = "Presentation", "Presentation", "{86012557-320B-59F9-4E7B-FD85FA1AA28D}"
EndProject
Project("{2150E333-8FDC-42A3-9474-1A3956D46DE8}") = "Modules", "Modules", "{5AB0C8D7-B6D6-E938-49B3-2C4B7BB45DD4}"
EndProject
Project("{2150E333-8FDC-42A3-9474-1A3956D46DE8}") = "Integrations", "Integrations", "{97FA567E-4696-D089-6B30-C3D8D73C0D33}"
EndProject
Project("{2150E333-8FDC-42A3-9474-1A3956D46DE8}") = "Knowledge", "Knowledge", "{D1696D16-C53A-E42F-AA73-83C476B25D9A}"
EndProject
Project("{2150E333-8FDC-42A3-9474-1A3956D46DE8}") = "Notifications", "Notifications", "{B4F9FAB4-F92D-EB6E-A6F8-B09128027E10}"
EndProject
Project("{2150E333-8FDC-42A3-9474-1A3956D46DE8}") = "Automation", "Automation", "{FCBEB316-2EBB-7D25-1F93-32724971C464}"
EndProject
Project("{2150E333-8FDC-42A3-9474-1A3956D46DE8}") = "AIOrchestration", "AIOrchestration", "{1058148A-E162-9E67-F544-E2A392DB7F9A}"
EndProject
Project("{2150E333-8FDC-42A3-9474-1A3956D46DE8}") = "ApiGateway", "ApiGateway", "{FCA01246-F2C6-0AA7-D43F-FD13BE0B9D88}"
EndProject
Project("{2150E333-8FDC-42A3-9474-1A3956D46DE8}") = "Orchestration", "Orchestration", "{8B260A08-A83E-5A86-27DB-EBC08B683631}"
EndProject
Project("{2150E333-8FDC-42A3-9474-1A3956D46DE8}") = "Shared", "Shared", "{C8E42992-5E42-0C2B-DBFE-AA848D06431C}"
EndProject
Project("{2150E333-8FDC-42A3-9474-1A3956D46DE8}") = "Identity", "Identity", "{65ABFB5D-2B10-DF64-BF12-C17976F8E5D9}"
EndProject
Project("{2150E333-8FDC-42A3-9474-1A3956D46DE8}") = "tests", "tests", "{0AB3BF05-4346-4AA6-1389-037BE0695223}"
EndProject
Project("{FAE04EC0-301F-11D3-BF4B-00C04F79EFBC}") = "QualifyAI.BillingHardening.Tests", "tests\QualifyAI.BillingHardening.Tests\QualifyAI.BillingHardening.Tests.csproj", "{285BBFC8-CD86-4C27-9346-2C5CCBFE0B1A}"
EndProject
Global
	GlobalSection(SolutionConfigurationPlatforms) = preSolution
		Debug|Any CPU = Debug|Any CPU
		Debug|x64 = Debug|x64
		Debug|x86 = Debug|x86
		Release|Any CPU = Release|Any CPU
		Release|x64 = Release|x64
		Release|x86 = Release|x86
	EndGlobalSection
	GlobalSection(ProjectConfigurationPlatforms) = postSolution
		{AB668BD8-B332-59EE-AC60-71090CE4277C}.Debug|Any CPU.ActiveCfg = Debug|Any CPU
		{AB668BD8-B332-59EE-AC60-71090CE4277C}.Debug|Any CPU.Build.0 = Debug|Any CPU
		{AB668BD8-B332-59EE-AC60-71090CE4277C}.Debug|x64.ActiveCfg = Debug|Any CPU
		{AB668BD8-B332-59EE-AC60-71090CE4277C}.Debug|x64.Build.0 = Debug|Any CPU
		{AB668BD8-B332-59EE-AC60-71090CE4277C}.Debug|x86.ActiveCfg = Debug|Any CPU
		{AB668BD8-B332-59EE-AC60-71090CE4277C}.Debug|x86.Build.0 = Debug|Any CPU
		{AB668BD8-B332-59EE-AC60-71090CE4277C}.Release|Any CPU.ActiveCfg = Release|Any CPU
		{AB668BD8-B332-59EE-AC60-71090CE4277C}.Release|Any CPU.Build.0 = Release|Any CPU
		{AB668BD8-B332-59EE-AC60-71090CE4277C}.Release|x64.ActiveCfg = Release|Any CPU
		{AB668BD8-B332-59EE-AC60-71090CE4277C}.Release|x64.Build.0 = Release|Any CPU
		{AB668BD8-B332-59EE-AC60-71090CE4277C}.Release|x86.ActiveCfg = Release|Any CPU
		{AB668BD8-B332-59EE-AC60-71090CE4277C}.Release|x86.Build.0 = Release|Any CPU
		{E5296106-61E9-5E6E-8ED0-BF577585756B}.Debug|Any CPU.ActiveCfg = Debug|Any CPU
		{E5296106-61E9-5E6E-8ED0-BF577585756B}.Debug|Any CPU.Build.0 = Debug|Any CPU
		{E5296106-61E9-5E6E-8ED0-BF577585756B}.Debug|x64.ActiveCfg = Debug|Any CPU
		{E5296106-61E9-5E6E-8ED0-BF577585756B}.Debug|x64.Build.0 = Debug|Any CPU
		{E5296106-61E9-5E6E-8ED0-BF577585756B}.Debug|x86.ActiveCfg = Debug|Any CPU
		{E5296106-61E9-5E6E-8ED0-BF577585756B}.Debug|x86.Build.0 = Debug|Any CPU
		{E5296106-61E9-5E6E-8ED0-BF577585756B}.Release|Any CPU.ActiveCfg = Release|Any CPU
		{E5296106-61E9-5E6E-8ED0-BF577585756B}.Release|Any CPU.Build.0 = Release|Any CPU
		{E5296106-61E9-5E6E-8ED0-BF577585756B}.Release|x64.ActiveCfg = Release|Any CPU
		{E5296106-61E9-5E6E-8ED0-BF577585756B}.Release|x64.Build.0 = Release|Any CPU
		{E5296106-61E9-5E6E-8ED0-BF577585756B}.Release|x86.ActiveCfg = Release|Any CPU
		{E5296106-61E9-5E6E-8ED0-BF577585756B}.Release|x86.Build.0 = Release|Any CPU
		{BE0B9D19-EECD-5966-A269-61C2AF95F9A0}.Debug|Any CPU.ActiveCfg = Debug|Any CPU
		{BE0B9D19-EECD-5966-A269-61C2AF95F9A0}.Debug|Any CPU.Build.0 = Debug|Any CPU
		{BE0B9D19-EECD-5966-A269-61C2AF95F9A0}.Debug|x64.ActiveCfg = Debug|Any CPU
		{BE0B9D19-EECD-5966-A269-61C2AF95F9A0}.Debug|x64.Build.0 = Debug|Any CPU
		{BE0B9D19-EECD-5966-A269-61C2AF95F9A0}.Debug|x86.ActiveCfg = Debug|Any CPU
		{BE0B9D19-EECD-5966-A269-61C2AF95F9A0}.Debug|x86.Build.0 = Debug|Any CPU
		{BE0B9D19-EECD-5966-A269-61C2AF95F9A0}.Release|Any CPU.ActiveCfg = Release|Any CPU
		{BE0B9D19-EECD-5966-A269-61C2AF95F9A0}.Release|Any CPU.Build.0 = Release|Any CPU
		{BE0B9D19-EECD-5966-A269-61C2AF95F9A0}.Release|x64.ActiveCfg = Release|Any CPU
		{BE0B9D19-EECD-5966-A269-61C2AF95F9A0}.Release|x64.Build.0 = Release|Any CPU
		{BE0B9D19-EECD-5966-A269-61C2AF95F9A0}.Release|x86.ActiveCfg = Release|Any CPU
		{BE0B9D19-EECD-5966-A269-61C2AF95F9A0}.Release|x86.Build.0 = Release|Any CPU
		{8A1CB06B-63BB-57F9-BF12-9C4501305CA1}.Debug|Any CPU.ActiveCfg = Debug|Any CPU
		{8A1CB06B-63BB-57F9-BF12-9C4501305CA1}.Debug|Any CPU.Build.0 = Debug|Any CPU
		{8A1CB06B-63BB-57F9-BF12-9C4501305CA1}.Debug|x64.ActiveCfg = Debug|Any CPU
		{8A1CB06B-63BB-57F9-BF12-9C4501305CA1}.Debug|x64.Build.0 = Debug|Any CPU
		{8A1CB06B-63BB-57F9-BF12-9C4501305CA1}.Debug|x86.ActiveCfg = Debug|Any CPU
		{8A1CB06B-63BB-57F9-BF12-9C4501305CA1}.Debug|x86.Build.0 = Debug|Any CPU
		{8A1CB06B-63BB-57F9-BF12-9C4501305CA1}.Release|Any CPU.ActiveCfg = Release|Any CPU
		{8A1CB06B-63BB-57F9-BF12-9C4501305CA1}.Release|Any CPU.Build.0 = Release|Any CPU
		{8A1CB06B-63BB-57F9-BF12-9C4501305CA1}.Release|x64.ActiveCfg = Release|Any CPU
		{8A1CB06B-63BB-57F9-BF12-9C4501305CA1}.Release|x64.Build.0 = Release|Any CPU
		{8A1CB06B-63BB-57F9-BF12-9C4501305CA1}.Release|x86.ActiveCfg = Release|Any CPU
		{8A1CB06B-63BB-57F9-BF12-9C4501305CA1}.Release|x86.Build.0 = Release|Any CPU
		{D68B20CC-D73A-533A-95BC-4BFEDE05ADA9}.Debug|Any CPU.ActiveCfg = Debug|Any CPU
		{D68B20CC-D73A-533A-95BC-4BFEDE05ADA9}.Debug|Any CPU.Build.0 = Debug|Any CPU
		{D68B20CC-D73A-533A-95BC-4BFEDE05ADA9}.Debug|x64.ActiveCfg = Debug|Any CPU
		{D68B20CC-D73A-533A-95BC-4BFEDE05ADA9}.Debug|x64.Build.0 = Debug|Any CPU
		{D68B20CC-D73A-533A-95BC-4BFEDE05ADA9}.Debug|x86.ActiveCfg = Debug|Any CPU
		{D68B20CC-D73A-533A-95BC-4BFEDE05ADA9}.Debug|x86.Build.0 = Debug|Any CPU
		{D68B20CC-D73A-533A-95BC-4BFEDE05ADA9}.Release|Any CPU.ActiveCfg = Release|Any CPU
		{D68B20CC-D73A-533A-95BC-4BFEDE05ADA9}.Release|Any CPU.Build.0 = Release|Any CPU
		{D68B20CC-D73A-533A-95BC-4BFEDE05ADA9}.Release|x64.ActiveCfg = Release|Any CPU
		{D68B20CC-D73A-533A-95BC-4BFEDE05ADA9}.Release|x64.Build.0 = Release|Any CPU
		{D68B20CC-D73A-533A-95BC-4BFEDE05ADA9}.Release|x86.ActiveCfg = Release|Any CPU
		{D68B20CC-D73A-533A-95BC-4BFEDE05ADA9}.Release|x86.Build.0 = Release|Any CPU
		{7973FB41-F398-55B2-8203-289E02E8A3B7}.Debug|Any CPU.ActiveCfg = Debug|Any CPU
		{7973FB41-F398-55B2-8203-289E02E8A3B7}.Debug|Any CPU.Build.0 = Debug|Any CPU
		{7973FB41-F398-55B2-8203-289E02E8A3B7}.Debug|x64.ActiveCfg = Debug|Any CPU
		{7973FB41-F398-55B2-8203-289E02E8A3B7}.Debug|x64.Build.0 = Debug|Any CPU
		{7973FB41-F398-55B2-8203-289E02E8A3B7}.Debug|x86.ActiveCfg = Debug|Any CPU
		{7973FB41-F398-55B2-8203-289E02E8A3B7}.Debug|x86.Build.0 = Debug|Any CPU
		{7973FB41-F398-55B2-8203-289E02E8A3B7}.Release|Any CPU.ActiveCfg = Release|Any CPU
		{7973FB41-F398-55B2-8203-289E02E8A3B7}.Release|Any CPU.Build.0 = Release|Any CPU
		{7973FB41-F398-55B2-8203-289E02E8A3B7}.Release|x64.ActiveCfg = Release|Any CPU
		{7973FB41-F398-55B2-8203-289E02E8A3B7}.Release|x64.Build.0 = Release|Any CPU
		{7973FB41-F398-55B2-8203-289E02E8A3B7}.Release|x86.ActiveCfg = Release|Any CPU
		{7973FB41-F398-55B2-8203-289E02E8A3B7}.Release|x86.Build.0 = Release|Any CPU
		{A9AD22B0-361B-5978-9015-7FE689EEF085}.Debug|Any CPU.ActiveCfg = Debug|Any CPU
		{A9AD22B0-361B-5978-9015-7FE689EEF085}.Debug|Any CPU.Build.0 = Debug|Any CPU
		{A9AD22B0-361B-5978-9015-7FE689EEF085}.Debug|x64.ActiveCfg = Debug|Any CPU
		{A9AD22B0-361B-5978-9015-7FE689EEF085}.Debug|x64.Build.0 = Debug|Any CPU
		{A9AD22B0-361B-5978-9015-7FE689EEF085}.Debug|x86.ActiveCfg = Debug|Any CPU
		{A9AD22B0-361B-5978-9015-7FE689EEF085}.Debug|x86.Build.0 = Debug|Any CPU
		{A9AD22B0-361B-5978-9015-7FE689EEF085}.Release|Any CPU.ActiveCfg = Release|Any CPU
		{A9AD22B0-361B-5978-9015-7FE689EEF085}.Release|Any CPU.Build.0 = Release|Any CPU
		{A9AD22B0-361B-5978-9015-7FE689EEF085}.Release|x64.ActiveCfg = Release|Any CPU
		{A9AD22B0-361B-5978-9015-7FE689EEF085}.Release|x64.Build.0 = Release|Any CPU
		{A9AD22B0-361B-5978-9015-7FE689EEF085}.Release|x86.ActiveCfg = Release|Any CPU
		{A9AD22B0-361B-5978-9015-7FE689EEF085}.Release|x86.Build.0 = Release|Any CPU
		{4846ED08-F006-522E-A94F-9AAF598B46CA}.Debug|Any CPU.ActiveCfg = Debug|Any CPU
		{4846ED08-F006-522E-A94F-9AAF598B46CA}.Debug|Any CPU.Build.0 = Debug|Any CPU
		{4846ED08-F006-522E-A94F-9AAF598B46CA}.Debug|x64.ActiveCfg = Debug|Any CPU
		{4846ED08-F006-522E-A94F-9AAF598B46CA}.Debug|x64.Build.0 = Debug|Any CPU
		{4846ED08-F006-522E-A94F-9AAF598B46CA}.Debug|x86.ActiveCfg = Debug|Any CPU
		{4846ED08-F006-522E-A94F-9AAF598B46CA}.Debug|x86.Build.0 = Debug|Any CPU
		{4846ED08-F006-522E-A94F-9AAF598B46CA}.Release|Any CPU.ActiveCfg = Release|Any CPU
		{4846ED08-F006-522E-A94F-9AAF598B46CA}.Release|Any CPU.Build.0 = Release|Any CPU
		{4846ED08-F006-522E-A94F-9AAF598B46CA}.Release|x64.ActiveCfg = Release|Any CPU
		{4846ED08-F006-522E-A94F-9AAF598B46CA}.Release|x64.Build.0 = Release|Any CPU
		{4846ED08-F006-522E-A94F-9AAF598B46CA}.Release|x86.ActiveCfg = Release|Any CPU
		{4846ED08-F006-522E-A94F-9AAF598B46CA}.Release|x86.Build.0 = Release|Any CPU
		{F6ED0407-46FD-5462-B480-DF9732D0AC5E}.Debug|Any CPU.ActiveCfg = Debug|Any CPU
		{F6ED0407-46FD-5462-B480-DF9732D0AC5E}.Debug|Any CPU.Build.0 = Debug|Any CPU
		{F6ED0407-46FD-5462-B480-DF9732D0AC5E}.Debug|x64.ActiveCfg = Debug|Any CPU
		{F6ED0407-46FD-5462-B480-DF9732D0AC5E}.Debug|x64.Build.0 = Debug|Any CPU
		{F6ED0407-46FD-5462-B480-DF9732D0AC5E}.Debug|x86.ActiveCfg = Debug|Any CPU
		{F6ED0407-46FD-5462-B480-DF9732D0AC5E}.Debug|x86.Build.0 = Debug|Any CPU
		{F6ED0407-46FD-5462-B480-DF9732D0AC5E}.Release|Any CPU.ActiveCfg = Release|Any CPU
		{F6ED0407-46FD-5462-B480-DF9732D0AC5E}.Release|Any CPU.Build.0 = Release|Any CPU
		{F6ED0407-46FD-5462-B480-DF9732D0AC5E}.Release|x64.ActiveCfg = Release|Any CPU
		{F6ED0407-46FD-5462-B480-DF9732D0AC5E}.Release|x64.Build.0 = Release|Any CPU
		{F6ED0407-46FD-5462-B480-DF9732D0AC5E}.Release|x86.ActiveCfg = Release|Any CPU
		{F6ED0407-46FD-5462-B480-DF9732D0AC5E}.Release|x86.Build.0 = Release|Any CPU
		{348AC5C8-A07C-5864-8F9B-66AE91E607C7}.Debug|Any CPU.ActiveCfg = Debug|Any CPU
		{348AC5C8-A07C-5864-8F9B-66AE91E607C7}.Debug|Any CPU.Build.0 = Debug|Any CPU
		{348AC5C8-A07C-5864-8F9B-66AE91E607C7}.Debug|x64.ActiveCfg = Debug|Any CPU
		{348AC5C8-A07C-5864-8F9B-66AE91E607C7}.Debug|x64.Build.0 = Debug|Any CPU
		{348AC5C8-A07C-5864-8F9B-66AE91E607C7}.Debug|x86.ActiveCfg = Debug|Any CPU
		{348AC5C8-A07C-5864-8F9B-66AE91E607C7}.Debug|x86.Build.0 = Debug|Any CPU
		{348AC5C8-A07C-5864-8F9B-66AE91E607C7}.Release|Any CPU.ActiveCfg = Release|Any CPU
		{348AC5C8-A07C-5864-8F9B-66AE91E607C7}.Release|Any CPU.Build.0 = Release|Any CPU
		{348AC5C8-A07C-5864-8F9B-66AE91E607C7}.Release|x64.ActiveCfg = Release|Any CPU
		{348AC5C8-A07C-5864-8F9B-66AE91E607C7}.Release|x64.Build.0 = Release|Any CPU
		{348AC5C8-A07C-5864-8F9B-66AE91E607C7}.Release|x86.ActiveCfg = Release|Any CPU
		{348AC5C8-A07C-5864-8F9B-66AE91E607C7}.Release|x86.Build.0 = Release|Any CPU
		{DCE42DF7-DB11-5200-8913-2A438C14D4A0}.Debug|Any CPU.ActiveCfg = Debug|Any CPU
		{DCE42DF7-DB11-5200-8913-2A438C14D4A0}.Debug|Any CPU.Build.0 = Debug|Any CPU
		{DCE42DF7-DB11-5200-8913-2A438C14D4A0}.Debug|x64.ActiveCfg = Debug|Any CPU
		{DCE42DF7-DB11-5200-8913-2A438C14D4A0}.Debug|x64.Build.0 = Debug|Any CPU
		{DCE42DF7-DB11-5200-8913-2A438C14D4A0}.Debug|x86.ActiveCfg = Debug|Any CPU
		{DCE42DF7-DB11-5200-8913-2A438C14D4A0}.Debug|x86.Build.0 = Debug|Any CPU
		{DCE42DF7-DB11-5200-8913-2A438C14D4A0}.Release|Any CPU.ActiveCfg = Release|Any CPU
		{DCE42DF7-DB11-5200-8913-2A438C14D4A0}.Release|Any CPU.Build.0 = Release|Any CPU
		{DCE42DF7-DB11-5200-8913-2A438C14D4A0}.Release|x64.ActiveCfg = Release|Any CPU
		{DCE42DF7-DB11-5200-8913-2A438C14D4A0}.Release|x64.Build.0 = Release|Any CPU
		{DCE42DF7-DB11-5200-8913-2A438C14D4A0}.Release|x86.ActiveCfg = Release|Any CPU
		{DCE42DF7-DB11-5200-8913-2A438C14D4A0}.Release|x86.Build.0 = Release|Any CPU
		{D87261F7-7087-5B54-A474-E449BEC9E8ED}.Debug|Any CPU.ActiveCfg = Debug|Any CPU
		{D87261F7-7087-5B54-A474-E449BEC9E8ED}.Debug|Any CPU.Build.0 = Debug|Any CPU
		{D87261F7-7087-5B54-A474-E449BEC9E8ED}.Debug|x64.ActiveCfg = Debug|Any CPU
		{D87261F7-7087-5B54-A474-E449BEC9E8ED}.Debug|x64.Build.0 = Debug|Any CPU
		{D87261F7-7087-5B54-A474-E449BEC9E8ED}.Debug|x86.ActiveCfg = Debug|Any CPU
		{D87261F7-7087-5B54-A474-E449BEC9E8ED}.Debug|x86.Build.0 = Debug|Any CPU
		{D87261F7-7087-5B54-A474-E449BEC9E8ED}.Release|Any CPU.ActiveCfg = Release|Any CPU
		{D87261F7-7087-5B54-A474-E449BEC9E8ED}.Release|Any CPU.Build.0 = Release|Any CPU
		{D87261F7-7087-5B54-A474-E449BEC9E8ED}.Release|x64.ActiveCfg = Release|Any CPU
		{D87261F7-7087-5B54-A474-E449BEC9E8ED}.Release|x64.Build.0 = Release|Any CPU
		{D87261F7-7087-5B54-A474-E449BEC9E8ED}.Release|x86.ActiveCfg = Release|Any CPU
		{D87261F7-7087-5B54-A474-E449BEC9E8ED}.Release|x86.Build.0 = Release|Any CPU
		{FF92E890-03EF-54EE-BC0A-7740E23C5FB8}.Debug|Any CPU.ActiveCfg = Debug|Any CPU
		{FF92E890-03EF-54EE-BC0A-7740E23C5FB8}.Debug|Any CPU.Build.0 = Debug|Any CPU
		{FF92E890-03EF-54EE-BC0A-7740E23C5FB8}.Debug|x64.ActiveCfg = Debug|Any CPU
		{FF92E890-03EF-54EE-BC0A-7740E23C5FB8}.Debug|x64.Build.0 = Debug|Any CPU
		{FF92E890-03EF-54EE-BC0A-7740E23C5FB8}.Debug|x86.ActiveCfg = Debug|Any CPU
		{FF92E890-03EF-54EE-BC0A-7740E23C5FB8}.Debug|x86.Build.0 = Debug|Any CPU
		{FF92E890-03EF-54EE-BC0A-7740E23C5FB8}.Release|Any CPU.ActiveCfg = Release|Any CPU
		{FF92E890-03EF-54EE-BC0A-7740E23C5FB8}.Release|Any CPU.Build.0 = Release|Any CPU
		{FF92E890-03EF-54EE-BC0A-7740E23C5FB8}.Release|x64.ActiveCfg = Release|Any CPU
		{FF92E890-03EF-54EE-BC0A-7740E23C5FB8}.Release|x64.Build.0 = Release|Any CPU
		{FF92E890-03EF-54EE-BC0A-7740E23C5FB8}.Release|x86.ActiveCfg = Release|Any CPU
		{FF92E890-03EF-54EE-BC0A-7740E23C5FB8}.Release|x86.Build.0 = Release|Any CPU
		{BC214980-BAC0-5CAA-9E41-8788EC193175}.Debug|Any CPU.ActiveCfg = Debug|Any CPU
		{BC214980-BAC0-5CAA-9E41-8788EC193175}.Debug|Any CPU.Build.0 = Debug|Any CPU
		{BC214980-BAC0-5CAA-9E41-8788EC193175}.Debug|x64.ActiveCfg = Debug|Any CPU
		{BC214980-BAC0-5CAA-9E41-8788EC193175}.Debug|x64.Build.0 = Debug|Any CPU
		{BC214980-BAC0-5CAA-9E41-8788EC193175}.Debug|x86.ActiveCfg = Debug|Any CPU
		{BC214980-BAC0-5CAA-9E41-8788EC193175}.Debug|x86.Build.0 = Debug|Any CPU
		{BC214980-BAC0-5CAA-9E41-8788EC193175}.Release|Any CPU.ActiveCfg = Release|Any CPU
		{BC214980-BAC0-5CAA-9E41-8788EC193175}.Release|Any CPU.Build.0 = Release|Any CPU
		{BC214980-BAC0-5CAA-9E41-8788EC193175}.Release|x64.ActiveCfg = Release|Any CPU
		{BC214980-BAC0-5CAA-9E41-8788EC193175}.Release|x64.Build.0 = Release|Any CPU
		{BC214980-BAC0-5CAA-9E41-8788EC193175}.Release|x86.ActiveCfg = Release|Any CPU
		{BC214980-BAC0-5CAA-9E41-8788EC193175}.Release|x86.Build.0 = Release|Any CPU
		{FDEA9AF8-4746-51EB-8527-A7DF53FAC129}.Debug|Any CPU.ActiveCfg = Debug|Any CPU
		{FDEA9AF8-4746-51EB-8527-A7DF53FAC129}.Debug|Any CPU.Build.0 = Debug|Any CPU
		{FDEA9AF8-4746-51EB-8527-A7DF53FAC129}.Debug|x64.ActiveCfg = Debug|Any CPU
		{FDEA9AF8-4746-51EB-8527-A7DF53FAC129}.Debug|x64.Build.0 = Debug|Any CPU
		{FDEA9AF8-4746-51EB-8527-A7DF53FAC129}.Debug|x86.ActiveCfg = Debug|Any CPU
		{FDEA9AF8-4746-51EB-8527-A7DF53FAC129}.Debug|x86.Build.0 = Debug|Any CPU
		{FDEA9AF8-4746-51EB-8527-A7DF53FAC129}.Release|Any CPU.ActiveCfg = Release|Any CPU
		{FDEA9AF8-4746-51EB-8527-A7DF53FAC129}.Release|Any CPU.Build.0 = Release|Any CPU
		{FDEA9AF8-4746-51EB-8527-A7DF53FAC129}.Release|x64.ActiveCfg = Release|Any CPU
		{FDEA9AF8-4746-51EB-8527-A7DF53FAC129}.Release|x64.Build.0 = Release|Any CPU
		{FDEA9AF8-4746-51EB-8527-A7DF53FAC129}.Release|x86.ActiveCfg = Release|Any CPU
		{FDEA9AF8-4746-51EB-8527-A7DF53FAC129}.Release|x86.Build.0 = Release|Any CPU
		{D10ADF4A-B170-5152-BEDE-C6D6D20237CA}.Debug|Any CPU.ActiveCfg = Debug|Any CPU
		{D10ADF4A-B170-5152-BEDE-C6D6D20237CA}.Debug|Any CPU.Build.0 = Debug|Any CPU
		{D10ADF4A-B170-5152-BEDE-C6D6D20237CA}.Debug|x64.ActiveCfg = Debug|Any CPU
		{D10ADF4A-B170-5152-BEDE-C6D6D20237CA}.Debug|x64.Build.0 = Debug|Any CPU
		{D10ADF4A-B170-5152-BEDE-C6D6D20237CA}.Debug|x86.ActiveCfg = Debug|Any CPU
		{D10ADF4A-B170-5152-BEDE-C6D6D20237CA}.Debug|x86.Build.0 = Debug|Any CPU
		{D10ADF4A-B170-5152-BEDE-C6D6D20237CA}.Release|Any CPU.ActiveCfg = Release|Any CPU
		{D10ADF4A-B170-5152-BEDE-C6D6D20237CA}.Release|Any CPU.Build.0 = Release|Any CPU
		{D10ADF4A-B170-5152-BEDE-C6D6D20237CA}.Release|x64.ActiveCfg = Release|Any CPU
		{D10ADF4A-B170-5152-BEDE-C6D6D20237CA}.Release|x64.Build.0 = Release|Any CPU
		{D10ADF4A-B170-5152-BEDE-C6D6D20237CA}.Release|x86.ActiveCfg = Release|Any CPU
		{D10ADF4A-B170-5152-BEDE-C6D6D20237CA}.Release|x86.Build.0 = Release|Any CPU
		{C2AEF255-7DE4-5746-983C-1490C679DA8F}.Debug|Any CPU.ActiveCfg = Debug|Any CPU
		{C2AEF255-7DE4-5746-983C-1490C679DA8F}.Debug|Any CPU.Build.0 = Debug|Any CPU
		{C2AEF255-7DE4-5746-983C-1490C679DA8F}.Debug|x64.ActiveCfg = Debug|Any CPU
		{C2AEF255-7DE4-5746-983C-1490C679DA8F}.Debug|x64.Build.0 = Debug|Any CPU
		{C2AEF255-7DE4-5746-983C-1490C679DA8F}.Debug|x86.ActiveCfg = Debug|Any CPU
		{C2AEF255-7DE4-5746-983C-1490C679DA8F}.Debug|x86.Build.0 = Debug|Any CPU
		{C2AEF255-7DE4-5746-983C-1490C679DA8F}.Release|Any CPU.ActiveCfg = Release|Any CPU
		{C2AEF255-7DE4-5746-983C-1490C679DA8F}.Release|Any CPU.Build.0 = Release|Any CPU
		{C2AEF255-7DE4-5746-983C-1490C679DA8F}.Release|x64.ActiveCfg = Release|Any CPU
		{C2AEF255-7DE4-5746-983C-1490C679DA8F}.Release|x64.Build.0 = Release|Any CPU
		{C2AEF255-7DE4-5746-983C-1490C679DA8F}.Release|x86.ActiveCfg = Release|Any CPU
		{C2AEF255-7DE4-5746-983C-1490C679DA8F}.Release|x86.Build.0 = Release|Any CPU
		{F9F873C0-92F7-5B73-87AD-71ADCB1F28A1}.Debug|Any CPU.ActiveCfg = Debug|Any CPU
		{F9F873C0-92F7-5B73-87AD-71ADCB1F28A1}.Debug|Any CPU.Build.0 = Debug|Any CPU
		{F9F873C0-92F7-5B73-87AD-71ADCB1F28A1}.Debug|x64.ActiveCfg = Debug|Any CPU
		{F9F873C0-92F7-5B73-87AD-71ADCB1F28A1}.Debug|x64.Build.0 = Debug|Any CPU
		{F9F873C0-92F7-5B73-87AD-71ADCB1F28A1}.Debug|x86.ActiveCfg = Debug|Any CPU
		{F9F873C0-92F7-5B73-87AD-71ADCB1F28A1}.Debug|x86.Build.0 = Debug|Any CPU
		{F9F873C0-92F7-5B73-87AD-71ADCB1F28A1}.Release|Any CPU.ActiveCfg = Release|Any CPU
		{F9F873C0-92F7-5B73-87AD-71ADCB1F28A1}.Release|Any CPU.Build.0 = Release|Any CPU
		{F9F873C0-92F7-5B73-87AD-71ADCB1F28A1}.Release|x64.ActiveCfg = Release|Any CPU
		{F9F873C0-92F7-5B73-87AD-71ADCB1F28A1}.Release|x64.Build.0 = Release|Any CPU
		{F9F873C0-92F7-5B73-87AD-71ADCB1F28A1}.Release|x86.ActiveCfg = Release|Any CPU
		{F9F873C0-92F7-5B73-87AD-71ADCB1F28A1}.Release|x86.Build.0 = Release|Any CPU
		{3AAA0077-B4C1-5C57-9138-1CA288DDE49C}.Debug|Any CPU.ActiveCfg = Debug|Any CPU
		{3AAA0077-B4C1-5C57-9138-1CA288DDE49C}.Debug|Any CPU.Build.0 = Debug|Any CPU
		{3AAA0077-B4C1-5C57-9138-1CA288DDE49C}.Debug|x64.ActiveCfg = Debug|Any CPU
		{3AAA0077-B4C1-5C57-9138-1CA288DDE49C}.Debug|x64.Build.0 = Debug|Any CPU
		{3AAA0077-B4C1-5C57-9138-1CA288DDE49C}.Debug|x86.ActiveCfg = Debug|Any CPU
		{3AAA0077-B4C1-5C57-9138-1CA288DDE49C}.Debug|x86.Build.0 = Debug|Any CPU
		{3AAA0077-B4C1-5C57-9138-1CA288DDE49C}.Release|Any CPU.ActiveCfg = Release|Any CPU
		{3AAA0077-B4C1-5C57-9138-1CA288DDE49C}.Release|Any CPU.Build.0 = Release|Any CPU
		{3AAA0077-B4C1-5C57-9138-1CA288DDE49C}.Release|x64.ActiveCfg = Release|Any CPU
		{3AAA0077-B4C1-5C57-9138-1CA288DDE49C}.Release|x64.Build.0 = Release|Any CPU
		{3AAA0077-B4C1-5C57-9138-1CA288DDE49C}.Release|x86.ActiveCfg = Release|Any CPU
		{3AAA0077-B4C1-5C57-9138-1CA288DDE49C}.Release|x86.Build.0 = Release|Any CPU
		{E6FC32F2-B85E-5EC4-ABDA-F4F815FF4CF7}.Debug|Any CPU.ActiveCfg = Debug|Any CPU
		{E6FC32F2-B85E-5EC4-ABDA-F4F815FF4CF7}.Debug|Any CPU.Build.0 = Debug|Any CPU
		{E6FC32F2-B85E-5EC4-ABDA-F4F815FF4CF7}.Debug|x64.ActiveCfg = Debug|Any CPU
		{E6FC32F2-B85E-5EC4-ABDA-F4F815FF4CF7}.Debug|x64.Build.0 = Debug|Any CPU
		{E6FC32F2-B85E-5EC4-ABDA-F4F815FF4CF7}.Debug|x86.ActiveCfg = Debug|Any CPU
		{E6FC32F2-B85E-5EC4-ABDA-F4F815FF4CF7}.Debug|x86.Build.0 = Debug|Any CPU
		{E6FC32F2-B85E-5EC4-ABDA-F4F815FF4CF7}.Release|Any CPU.ActiveCfg = Release|Any CPU
		{E6FC32F2-B85E-5EC4-ABDA-F4F815FF4CF7}.Release|Any CPU.Build.0 = Release|Any CPU
		{E6FC32F2-B85E-5EC4-ABDA-F4F815FF4CF7}.Release|x64.ActiveCfg = Release|Any CPU
		{E6FC32F2-B85E-5EC4-ABDA-F4F815FF4CF7}.Release|x64.Build.0 = Release|Any CPU
		{E6FC32F2-B85E-5EC4-ABDA-F4F815FF4CF7}.Release|x86.ActiveCfg = Release|Any CPU
		{E6FC32F2-B85E-5EC4-ABDA-F4F815FF4CF7}.Release|x86.Build.0 = Release|Any CPU
		{35CB5B43-D867-5D7A-AF17-12668F566A21}.Debug|Any CPU.ActiveCfg = Debug|Any CPU
		{35CB5B43-D867-5D7A-AF17-12668F566A21}.Debug|Any CPU.Build.0 = Debug|Any CPU
		{35CB5B43-D867-5D7A-AF17-12668F566A21}.Debug|x64.ActiveCfg = Debug|Any CPU
		{35CB5B43-D867-5D7A-AF17-12668F566A21}.Debug|x64.Build.0 = Debug|Any CPU
		{35CB5B43-D867-5D7A-AF17-12668F566A21}.Debug|x86.ActiveCfg = Debug|Any CPU
		{35CB5B43-D867-5D7A-AF17-12668F566A21}.Debug|x86.Build.0 = Debug|Any CPU
		{35CB5B43-D867-5D7A-AF17-12668F566A21}.Release|Any CPU.ActiveCfg = Release|Any CPU
		{35CB5B43-D867-5D7A-AF17-12668F566A21}.Release|Any CPU.Build.0 = Release|Any CPU
		{35CB5B43-D867-5D7A-AF17-12668F566A21}.Release|x64.ActiveCfg = Release|Any CPU
		{35CB5B43-D867-5D7A-AF17-12668F566A21}.Release|x64.Build.0 = Release|Any CPU
		{35CB5B43-D867-5D7A-AF17-12668F566A21}.Release|x86.ActiveCfg = Release|Any CPU
		{35CB5B43-D867-5D7A-AF17-12668F566A21}.Release|x86.Build.0 = Release|Any CPU
		{1799B5CA-7366-52CC-8883-2DEF6E55AC6A}.Debug|Any CPU.ActiveCfg = Debug|Any CPU
		{1799B5CA-7366-52CC-8883-2DEF6E55AC6A}.Debug|Any CPU.Build.0 = Debug|Any CPU
		{1799B5CA-7366-52CC-8883-2DEF6E55AC6A}.Debug|x64.ActiveCfg = Debug|Any CPU
		{1799B5CA-7366-52CC-8883-2DEF6E55AC6A}.Debug|x64.Build.0 = Debug|Any CPU
		{1799B5CA-7366-52CC-8883-2DEF6E55AC6A}.Debug|x86.ActiveCfg = Debug|Any CPU
		{1799B5CA-7366-52CC-8883-2DEF6E55AC6A}.Debug|x86.Build.0 = Debug|Any CPU
		{1799B5CA-7366-52CC-8883-2DEF6E55AC6A}.Release|Any CPU.ActiveCfg = Release|Any CPU
		{1799B5CA-7366-52CC-8883-2DEF6E55AC6A}.Release|Any CPU.Build.0 = Release|Any CPU
		{1799B5CA-7366-52CC-8883-2DEF6E55AC6A}.Release|x64.ActiveCfg = Release|Any CPU
		{1799B5CA-7366-52CC-8883-2DEF6E55AC6A}.Release|x64.Build.0 = Release|Any CPU
		{1799B5CA-7366-52CC-8883-2DEF6E55AC6A}.Release|x86.ActiveCfg = Release|Any CPU
		{1799B5CA-7366-52CC-8883-2DEF6E55AC6A}.Release|x86.Build.0 = Release|Any CPU
		{9740EC44-6103-57A9-9CAE-D1B8DC192876}.Debug|Any CPU.ActiveCfg = Debug|Any CPU
		{9740EC44-6103-57A9-9CAE-D1B8DC192876}.Debug|Any CPU.Build.0 = Debug|Any CPU
		{9740EC44-6103-57A9-9CAE-D1B8DC192876}.Debug|x64.ActiveCfg = Debug|Any CPU
		{9740EC44-6103-57A9-9CAE-D1B8DC192876}.Debug|x64.Build.0 = Debug|Any CPU
		{9740EC44-6103-57A9-9CAE-D1B8DC192876}.Debug|x86.ActiveCfg = Debug|Any CPU
		{9740EC44-6103-57A9-9CAE-D1B8DC192876}.Debug|x86.Build.0 = Debug|Any CPU
		{9740EC44-6103-57A9-9CAE-D1B8DC192876}.Release|Any CPU.ActiveCfg = Release|Any CPU
		{9740EC44-6103-57A9-9CAE-D1B8DC192876}.Release|Any CPU.Build.0 = Release|Any CPU
		{9740EC44-6103-57A9-9CAE-D1B8DC192876}.Release|x64.ActiveCfg = Release|Any CPU
		{9740EC44-6103-57A9-9CAE-D1B8DC192876}.Release|x64.Build.0 = Release|Any CPU
		{9740EC44-6103-57A9-9CAE-D1B8DC192876}.Release|x86.ActiveCfg = Release|Any CPU
		{9740EC44-6103-57A9-9CAE-D1B8DC192876}.Release|x86.Build.0 = Release|Any CPU
		{0C7D99C4-9423-56CD-B3EC-206CC0985E7B}.Debug|Any CPU.ActiveCfg = Debug|Any CPU
		{0C7D99C4-9423-56CD-B3EC-206CC0985E7B}.Debug|Any CPU.Build.0 = Debug|Any CPU
		{0C7D99C4-9423-56CD-B3EC-206CC0985E7B}.Debug|x64.ActiveCfg = Debug|Any CPU
		{0C7D99C4-9423-56CD-B3EC-206CC0985E7B}.Debug|x64.Build.0 = Debug|Any CPU
		{0C7D99C4-9423-56CD-B3EC-206CC0985E7B}.Debug|x86.ActiveCfg = Debug|Any CPU
		{0C7D99C4-9423-56CD-B3EC-206CC0985E7B}.Debug|x86.Build.0 = Debug|Any CPU
		{0C7D99C4-9423-56CD-B3EC-206CC0985E7B}.Release|Any CPU.ActiveCfg = Release|Any CPU
		{0C7D99C4-9423-56CD-B3EC-206CC0985E7B}.Release|Any CPU.Build.0 = Release|Any CPU
		{0C7D99C4-9423-56CD-B3EC-206CC0985E7B}.Release|x64.ActiveCfg = Release|Any CPU
		{0C7D99C4-9423-56CD-B3EC-206CC0985E7B}.Release|x64.Build.0 = Release|Any CPU
		{0C7D99C4-9423-56CD-B3EC-206CC0985E7B}.Release|x86.ActiveCfg = Release|Any CPU
		{0C7D99C4-9423-56CD-B3EC-206CC0985E7B}.Release|x86.Build.0 = Release|Any CPU
		{0E048687-1A29-53FF-A1AD-0FD42B3A6723}.Debug|Any CPU.ActiveCfg = Debug|Any CPU
		{0E048687-1A29-53FF-A1AD-0FD42B3A6723}.Debug|Any CPU.Build.0 = Debug|Any CPU
		{0E048687-1A29-53FF-A1AD-0FD42B3A6723}.Debug|x64.ActiveCfg = Debug|Any CPU
		{0E048687-1A29-53FF-A1AD-0FD42B3A6723}.Debug|x64.Build.0 = Debug|Any CPU
		{0E048687-1A29-53FF-A1AD-0FD42B3A6723}.Debug|x86.ActiveCfg = Debug|Any CPU
		{0E048687-1A29-53FF-A1AD-0FD42B3A6723}.Debug|x86.Build.0 = Debug|Any CPU
		{0E048687-1A29-53FF-A1AD-0FD42B3A6723}.Release|Any CPU.ActiveCfg = Release|Any CPU
		{0E048687-1A29-53FF-A1AD-0FD42B3A6723}.Release|Any CPU.Build.0 = Release|Any CPU
		{0E048687-1A29-53FF-A1AD-0FD42B3A6723}.Release|x64.ActiveCfg = Release|Any CPU
		{0E048687-1A29-53FF-A1AD-0FD42B3A6723}.Release|x64.Build.0 = Release|Any CPU
		{0E048687-1A29-53FF-A1AD-0FD42B3A6723}.Release|x86.ActiveCfg = Release|Any CPU
		{0E048687-1A29-53FF-A1AD-0FD42B3A6723}.Release|x86.Build.0 = Release|Any CPU
		{90701FF1-3729-507C-A47F-C696FE28616B}.Debug|Any CPU.ActiveCfg = Debug|Any CPU
		{90701FF1-3729-507C-A47F-C696FE28616B}.Debug|Any CPU.Build.0 = Debug|Any CPU
		{90701FF1-3729-507C-A47F-C696FE28616B}.Debug|x64.ActiveCfg = Debug|Any CPU
		{90701FF1-3729-507C-A47F-C696FE28616B}.Debug|x64.Build.0 = Debug|Any CPU
		{90701FF1-3729-507C-A47F-C696FE28616B}.Debug|x86.ActiveCfg = Debug|Any CPU
		{90701FF1-3729-507C-A47F-C696FE28616B}.Debug|x86.Build.0 = Debug|Any CPU
		{90701FF1-3729-507C-A47F-C696FE28616B}.Release|Any CPU.ActiveCfg = Release|Any CPU
		{90701FF1-3729-507C-A47F-C696FE28616B}.Release|Any CPU.Build.0 = Release|Any CPU
		{90701FF1-3729-507C-A47F-C696FE28616B}.Release|x64.ActiveCfg = Release|Any CPU
		{90701FF1-3729-507C-A47F-C696FE28616B}.Release|x64.Build.0 = Release|Any CPU
		{90701FF1-3729-507C-A47F-C696FE28616B}.Release|x86.ActiveCfg = Release|Any CPU
		{90701FF1-3729-507C-A47F-C696FE28616B}.Release|x86.Build.0 = Release|Any CPU
		{18A2BFBE-2392-563F-A838-2A5B55AA56BC}.Debug|Any CPU.ActiveCfg = Debug|Any CPU
		{18A2BFBE-2392-563F-A838-2A5B55AA56BC}.Debug|Any CPU.Build.0 = Debug|Any CPU
		{18A2BFBE-2392-563F-A838-2A5B55AA56BC}.Debug|x64.ActiveCfg = Debug|Any CPU
		{18A2BFBE-2392-563F-A838-2A5B55AA56BC}.Debug|x64.Build.0 = Debug|Any CPU
		{18A2BFBE-2392-563F-A838-2A5B55AA56BC}.Debug|x86.ActiveCfg = Debug|Any CPU
		{18A2BFBE-2392-563F-A838-2A5B55AA56BC}.Debug|x86.Build.0 = Debug|Any CPU
		{18A2BFBE-2392-563F-A838-2A5B55AA56BC}.Release|Any CPU.ActiveCfg = Release|Any CPU
		{18A2BFBE-2392-563F-A838-2A5B55AA56BC}.Release|Any CPU.Build.0 = Release|Any CPU
		{18A2BFBE-2392-563F-A838-2A5B55AA56BC}.Release|x64.ActiveCfg = Release|Any CPU
		{18A2BFBE-2392-563F-A838-2A5B55AA56BC}.Release|x64.Build.0 = Release|Any CPU
		{18A2BFBE-2392-563F-A838-2A5B55AA56BC}.Release|x86.ActiveCfg = Release|Any CPU
		{18A2BFBE-2392-563F-A838-2A5B55AA56BC}.Release|x86.Build.0 = Release|Any CPU
		{B56C0D26-2C08-5B5C-9F4F-25C21260929D}.Debug|Any CPU.ActiveCfg = Debug|Any CPU
		{B56C0D26-2C08-5B5C-9F4F-25C21260929D}.Debug|Any CPU.Build.0 = Debug|Any CPU
		{B56C0D26-2C08-5B5C-9F4F-25C21260929D}.Debug|x64.ActiveCfg = Debug|Any CPU
		{B56C0D26-2C08-5B5C-9F4F-25C21260929D}.Debug|x64.Build.0 = Debug|Any CPU
		{B56C0D26-2C08-5B5C-9F4F-25C21260929D}.Debug|x86.ActiveCfg = Debug|Any CPU
		{B56C0D26-2C08-5B5C-9F4F-25C21260929D}.Debug|x86.Build.0 = Debug|Any CPU
		{B56C0D26-2C08-5B5C-9F4F-25C21260929D}.Release|Any CPU.ActiveCfg = Release|Any CPU
		{B56C0D26-2C08-5B5C-9F4F-25C21260929D}.Release|Any CPU.Build.0 = Release|Any CPU
		{B56C0D26-2C08-5B5C-9F4F-25C21260929D}.Release|x64.ActiveCfg = Release|Any CPU
		{B56C0D26-2C08-5B5C-9F4F-25C21260929D}.Release|x64.Build.0 = Release|Any CPU
		{B56C0D26-2C08-5B5C-9F4F-25C21260929D}.Release|x86.ActiveCfg = Release|Any CPU
		{B56C0D26-2C08-5B5C-9F4F-25C21260929D}.Release|x86.Build.0 = Release|Any CPU
		{99F6A57D-3CF4-530F-A3AE-3387CCE6C021}.Debug|Any CPU.ActiveCfg = Debug|Any CPU
		{99F6A57D-3CF4-530F-A3AE-3387CCE6C021}.Debug|Any CPU.Build.0 = Debug|Any CPU
		{99F6A57D-3CF4-530F-A3AE-3387CCE6C021}.Debug|x64.ActiveCfg = Debug|Any CPU
		{99F6A57D-3CF4-530F-A3AE-3387CCE6C021}.Debug|x64.Build.0 = Debug|Any CPU
		{99F6A57D-3CF4-530F-A3AE-3387CCE6C021}.Debug|x86.ActiveCfg = Debug|Any CPU
		{99F6A57D-3CF4-530F-A3AE-3387CCE6C021}.Debug|x86.Build.0 = Debug|Any CPU
		{99F6A57D-3CF4-530F-A3AE-3387CCE6C021}.Release|Any CPU.ActiveCfg = Release|Any CPU
		{99F6A57D-3CF4-530F-A3AE-3387CCE6C021}.Release|Any CPU.Build.0 = Release|Any CPU
		{99F6A57D-3CF4-530F-A3AE-3387CCE6C021}.Release|x64.ActiveCfg = Release|Any CPU
		{99F6A57D-3CF4-530F-A3AE-3387CCE6C021}.Release|x64.Build.0 = Release|Any CPU
		{99F6A57D-3CF4-530F-A3AE-3387CCE6C021}.Release|x86.ActiveCfg = Release|Any CPU
		{99F6A57D-3CF4-530F-A3AE-3387CCE6C021}.Release|x86.Build.0 = Release|Any CPU
		{74102591-22D2-57B2-9FB2-FE8A1F62BBCA}.Debug|Any CPU.ActiveCfg = Debug|Any CPU
		{74102591-22D2-57B2-9FB2-FE8A1F62BBCA}.Debug|Any CPU.Build.0 = Debug|Any CPU
		{74102591-22D2-57B2-9FB2-FE8A1F62BBCA}.Debug|x64.ActiveCfg = Debug|Any CPU
		{74102591-22D2-57B2-9FB2-FE8A1F62BBCA}.Debug|x64.Build.0 = Debug|Any CPU
		{74102591-22D2-57B2-9FB2-FE8A1F62BBCA}.Debug|x86.ActiveCfg = Debug|Any CPU
		{74102591-22D2-57B2-9FB2-FE8A1F62BBCA}.Debug|x86.Build.0 = Debug|Any CPU
		{74102591-22D2-57B2-9FB2-FE8A1F62BBCA}.Release|Any CPU.ActiveCfg = Release|Any CPU
		{74102591-22D2-57B2-9FB2-FE8A1F62BBCA}.Release|Any CPU.Build.0 = Release|Any CPU
		{74102591-22D2-57B2-9FB2-FE8A1F62BBCA}.Release|x64.ActiveCfg = Release|Any CPU
		{74102591-22D2-57B2-9FB2-FE8A1F62BBCA}.Release|x64.Build.0 = Release|Any CPU
		{74102591-22D2-57B2-9FB2-FE8A1F62BBCA}.Release|x86.ActiveCfg = Release|Any CPU
		{74102591-22D2-57B2-9FB2-FE8A1F62BBCA}.Release|x86.Build.0 = Release|Any CPU
		{07324B7A-20B3-559C-8791-9EE3C368E594}.Debug|Any CPU.ActiveCfg = Debug|Any CPU
		{07324B7A-20B3-559C-8791-9EE3C368E594}.Debug|Any CPU.Build.0 = Debug|Any CPU
		{07324B7A-20B3-559C-8791-9EE3C368E594}.Debug|x64.ActiveCfg = Debug|Any CPU
		{07324B7A-20B3-559C-8791-9EE3C368E594}.Debug|x64.Build.0 = Debug|Any CPU
		{07324B7A-20B3-559C-8791-9EE3C368E594}.Debug|x86.ActiveCfg = Debug|Any CPU
		{07324B7A-20B3-559C-8791-9EE3C368E594}.Debug|x86.Build.0 = Debug|Any CPU
		{07324B7A-20B3-559C-8791-9EE3C368E594}.Release|Any CPU.ActiveCfg = Release|Any CPU
		{07324B7A-20B3-559C-8791-9EE3C368E594}.Release|Any CPU.Build.0 = Release|Any CPU
		{07324B7A-20B3-559C-8791-9EE3C368E594}.Release|x64.ActiveCfg = Release|Any CPU
		{07324B7A-20B3-559C-8791-9EE3C368E594}.Release|x64.Build.0 = Release|Any CPU
		{07324B7A-20B3-559C-8791-9EE3C368E594}.Release|x86.ActiveCfg = Release|Any CPU
		{07324B7A-20B3-559C-8791-9EE3C368E594}.Release|x86.Build.0 = Release|Any CPU
		{7C3FE388-420C-5AEA-BDBB-0AB274A947B9}.Debug|Any CPU.ActiveCfg = Debug|Any CPU
		{7C3FE388-420C-5AEA-BDBB-0AB274A947B9}.Debug|Any CPU.Build.0 = Debug|Any CPU
		{7C3FE388-420C-5AEA-BDBB-0AB274A947B9}.Debug|x64.ActiveCfg = Debug|Any CPU
		{7C3FE388-420C-5AEA-BDBB-0AB274A947B9}.Debug|x64.Build.0 = Debug|Any CPU
		{7C3FE388-420C-5AEA-BDBB-0AB274A947B9}.Debug|x86.ActiveCfg = Debug|Any CPU
		{7C3FE388-420C-5AEA-BDBB-0AB274A947B9}.Debug|x86.Build.0 = Debug|Any CPU
		{7C3FE388-420C-5AEA-BDBB-0AB274A947B9}.Release|Any CPU.ActiveCfg = Release|Any CPU
		{7C3FE388-420C-5AEA-BDBB-0AB274A947B9}.Release|Any CPU.Build.0 = Release|Any CPU
		{7C3FE388-420C-5AEA-BDBB-0AB274A947B9}.Release|x64.ActiveCfg = Release|Any CPU
		{7C3FE388-420C-5AEA-BDBB-0AB274A947B9}.Release|x64.Build.0 = Release|Any CPU
		{7C3FE388-420C-5AEA-BDBB-0AB274A947B9}.Release|x86.ActiveCfg = Release|Any CPU
		{7C3FE388-420C-5AEA-BDBB-0AB274A947B9}.Release|x86.Build.0 = Release|Any CPU
		{A18D4C9E-F4DA-4DF0-9B13-6CDE7D308EE1}.Debug|Any CPU.ActiveCfg = Debug|Any CPU
		{A18D4C9E-F4DA-4DF0-9B13-6CDE7D308EE1}.Debug|Any CPU.Build.0 = Debug|Any CPU
		{A18D4C9E-F4DA-4DF0-9B13-6CDE7D308EE1}.Debug|x64.ActiveCfg = Debug|Any CPU
		{A18D4C9E-F4DA-4DF0-9B13-6CDE7D308EE1}.Debug|x64.Build.0 = Debug|Any CPU
		{A18D4C9E-F4DA-4DF0-9B13-6CDE7D308EE1}.Debug|x86.ActiveCfg = Debug|Any CPU
		{A18D4C9E-F4DA-4DF0-9B13-6CDE7D308EE1}.Debug|x86.Build.0 = Debug|Any CPU
		{A18D4C9E-F4DA-4DF0-9B13-6CDE7D308EE1}.Release|Any CPU.ActiveCfg = Release|Any CPU
		{A18D4C9E-F4DA-4DF0-9B13-6CDE7D308EE1}.Release|Any CPU.Build.0 = Release|Any CPU
		{A18D4C9E-F4DA-4DF0-9B13-6CDE7D308EE1}.Release|x64.ActiveCfg = Release|Any CPU
		{A18D4C9E-F4DA-4DF0-9B13-6CDE7D308EE1}.Release|x64.Build.0 = Release|Any CPU
		{A18D4C9E-F4DA-4DF0-9B13-6CDE7D308EE1}.Release|x86.ActiveCfg = Release|Any CPU
		{A18D4C9E-F4DA-4DF0-9B13-6CDE7D308EE1}.Release|x86.Build.0 = Release|Any CPU
		{B5983083-2E3B-4EF4-B23D-9F731D3370EA}.Debug|Any CPU.ActiveCfg = Debug|Any CPU
		{B5983083-2E3B-4EF4-B23D-9F731D3370EA}.Debug|Any CPU.Build.0 = Debug|Any CPU
		{B5983083-2E3B-4EF4-B23D-9F731D3370EA}.Debug|x64.ActiveCfg = Debug|x64
		{B5983083-2E3B-4EF4-B23D-9F731D3370EA}.Debug|x86.ActiveCfg = Debug|x86
		{B5983083-2E3B-4EF4-B23D-9F731D3370EA}.Release|Any CPU.ActiveCfg = Release|Any CPU
		{B5983083-2E3B-4EF4-B23D-9F731D3370EA}.Release|Any CPU.Build.0 = Release|Any CPU
		{B5983083-2E3B-4EF4-B23D-9F731D3370EA}.Release|x64.ActiveCfg = Release|x64
		{B5983083-2E3B-4EF4-B23D-9F731D3370EA}.Release|x86.ActiveCfg = Release|x86
		{2935135C-9BB5-5615-990B-EA91C14DE056}.Debug|Any CPU.ActiveCfg = Debug|Any CPU
		{2935135C-9BB5-5615-990B-EA91C14DE056}.Debug|Any CPU.Build.0 = Debug|Any CPU
		{2935135C-9BB5-5615-990B-EA91C14DE056}.Debug|x64.ActiveCfg = Debug|Any CPU
		{2935135C-9BB5-5615-990B-EA91C14DE056}.Debug|x64.Build.0 = Debug|Any CPU
		{2935135C-9BB5-5615-990B-EA91C14DE056}.Debug|x86.ActiveCfg = Debug|Any CPU
		{2935135C-9BB5-5615-990B-EA91C14DE056}.Debug|x86.Build.0 = Debug|Any CPU
		{2935135C-9BB5-5615-990B-EA91C14DE056}.Release|Any CPU.ActiveCfg = Release|Any CPU
		{2935135C-9BB5-5615-990B-EA91C14DE056}.Release|Any CPU.Build.0 = Release|Any CPU
		{2935135C-9BB5-5615-990B-EA91C14DE056}.Release|x64.ActiveCfg = Release|Any CPU
		{2935135C-9BB5-5615-990B-EA91C14DE056}.Release|x64.Build.0 = Release|Any CPU
		{2935135C-9BB5-5615-990B-EA91C14DE056}.Release|x86.ActiveCfg = Release|Any CPU
		{2935135C-9BB5-5615-990B-EA91C14DE056}.Release|x86.Build.0 = Release|Any CPU
		{9F7CD153-E523-5E64-95BA-BABA75A054CE}.Debug|Any CPU.ActiveCfg = Debug|Any CPU
		{9F7CD153-E523-5E64-95BA-BABA75A054CE}.Debug|Any CPU.Build.0 = Debug|Any CPU
		{9F7CD153-E523-5E64-95BA-BABA75A054CE}.Debug|x64.ActiveCfg = Debug|Any CPU
		{9F7CD153-E523-5E64-95BA-BABA75A054CE}.Debug|x64.Build.0 = Debug|Any CPU
		{9F7CD153-E523-5E64-95BA-BABA75A054CE}.Debug|x86.ActiveCfg = Debug|Any CPU
		{9F7CD153-E523-5E64-95BA-BABA75A054CE}.Debug|x86.Build.0 = Debug|Any CPU
		{9F7CD153-E523-5E64-95BA-BABA75A054CE}.Release|Any CPU.ActiveCfg = Release|Any CPU
		{9F7CD153-E523-5E64-95BA-BABA75A054CE}.Release|Any CPU.Build.0 = Release|Any CPU
		{9F7CD153-E523-5E64-95BA-BABA75A054CE}.Release|x64.ActiveCfg = Release|Any CPU
		{9F7CD153-E523-5E64-95BA-BABA75A054CE}.Release|x64.Build.0 = Release|Any CPU
		{9F7CD153-E523-5E64-95BA-BABA75A054CE}.Release|x86.ActiveCfg = Release|Any CPU
		{9F7CD153-E523-5E64-95BA-BABA75A054CE}.Release|x86.Build.0 = Release|Any CPU
		{9CC6FFCD-B01E-5185-B614-E92EE0A34D61}.Debug|Any CPU.ActiveCfg = Debug|Any CPU
		{9CC6FFCD-B01E-5185-B614-E92EE0A34D61}.Debug|Any CPU.Build.0 = Debug|Any CPU
		{9CC6FFCD-B01E-5185-B614-E92EE0A34D61}.Debug|x64.ActiveCfg = Debug|Any CPU
		{9CC6FFCD-B01E-5185-B614-E92EE0A34D61}.Debug|x64.Build.0 = Debug|Any CPU
		{9CC6FFCD-B01E-5185-B614-E92EE0A34D61}.Debug|x86.ActiveCfg = Debug|Any CPU
		{9CC6FFCD-B01E-5185-B614-E92EE0A34D61}.Debug|x86.Build.0 = Debug|Any CPU
		{9CC6FFCD-B01E-5185-B614-E92EE0A34D61}.Release|Any CPU.ActiveCfg = Release|Any CPU
		{9CC6FFCD-B01E-5185-B614-E92EE0A34D61}.Release|Any CPU.Build.0 = Release|Any CPU
		{9CC6FFCD-B01E-5185-B614-E92EE0A34D61}.Release|x64.ActiveCfg = Release|Any CPU
		{9CC6FFCD-B01E-5185-B614-E92EE0A34D61}.Release|x64.Build.0 = Release|Any CPU
		{9CC6FFCD-B01E-5185-B614-E92EE0A34D61}.Release|x86.ActiveCfg = Release|Any CPU
		{9CC6FFCD-B01E-5185-B614-E92EE0A34D61}.Release|x86.Build.0 = Release|Any CPU
		{C8EB1E76-54DB-5611-AF57-A1ADFB377498}.Debug|Any CPU.ActiveCfg = Debug|Any CPU
		{C8EB1E76-54DB-5611-AF57-A1ADFB377498}.Debug|Any CPU.Build.0 = Debug|Any CPU
		{C8EB1E76-54DB-5611-AF57-A1ADFB377498}.Debug|x64.ActiveCfg = Debug|Any CPU
		{C8EB1E76-54DB-5611-AF57-A1ADFB377498}.Debug|x64.Build.0 = Debug|Any CPU
		{C8EB1E76-54DB-5611-AF57-A1ADFB377498}.Debug|x86.ActiveCfg = Debug|Any CPU
		{C8EB1E76-54DB-5611-AF57-A1ADFB377498}.Debug|x86.Build.0 = Debug|Any CPU
		{C8EB1E76-54DB-5611-AF57-A1ADFB377498}.Release|Any CPU.ActiveCfg = Release|Any CPU
		{C8EB1E76-54DB-5611-AF57-A1ADFB377498}.Release|Any CPU.Build.0 = Release|Any CPU
		{C8EB1E76-54DB-5611-AF57-A1ADFB377498}.Release|x64.ActiveCfg = Release|Any CPU
		{C8EB1E76-54DB-5611-AF57-A1ADFB377498}.Release|x64.Build.0 = Release|Any CPU
		{C8EB1E76-54DB-5611-AF57-A1ADFB377498}.Release|x86.ActiveCfg = Release|Any CPU
		{C8EB1E76-54DB-5611-AF57-A1ADFB377498}.Release|x86.Build.0 = Release|Any CPU
		{C39D79FD-C185-5850-9F88-79D5E2A1D950}.Debug|Any CPU.ActiveCfg = Debug|Any CPU
		{C39D79FD-C185-5850-9F88-79D5E2A1D950}.Debug|Any CPU.Build.0 = Debug|Any CPU
		{C39D79FD-C185-5850-9F88-79D5E2A1D950}.Debug|x64.ActiveCfg = Debug|Any CPU
		{C39D79FD-C185-5850-9F88-79D5E2A1D950}.Debug|x64.Build.0 = Debug|Any CPU
		{C39D79FD-C185-5850-9F88-79D5E2A1D950}.Debug|x86.ActiveCfg = Debug|Any CPU
		{C39D79FD-C185-5850-9F88-79D5E2A1D950}.Debug|x86.Build.0 = Debug|Any CPU
		{C39D79FD-C185-5850-9F88-79D5E2A1D950}.Release|Any CPU.ActiveCfg = Release|Any CPU
		{C39D79FD-C185-5850-9F88-79D5E2A1D950}.Release|Any CPU.Build.0 = Release|Any CPU
		{C39D79FD-C185-5850-9F88-79D5E2A1D950}.Release|x64.ActiveCfg = Release|Any CPU
		{C39D79FD-C185-5850-9F88-79D5E2A1D950}.Release|x64.Build.0 = Release|Any CPU
		{C39D79FD-C185-5850-9F88-79D5E2A1D950}.Release|x86.ActiveCfg = Release|Any CPU
		{C39D79FD-C185-5850-9F88-79D5E2A1D950}.Release|x86.Build.0 = Release|Any CPU
		{26AF86E3-8557-5712-8199-370046A050F0}.Debug|Any CPU.ActiveCfg = Debug|Any CPU
		{26AF86E3-8557-5712-8199-370046A050F0}.Debug|Any CPU.Build.0 = Debug|Any CPU
		{26AF86E3-8557-5712-8199-370046A050F0}.Debug|x64.ActiveCfg = Debug|Any CPU
		{26AF86E3-8557-5712-8199-370046A050F0}.Debug|x64.Build.0 = Debug|Any CPU
		{26AF86E3-8557-5712-8199-370046A050F0}.Debug|x86.ActiveCfg = Debug|Any CPU
		{26AF86E3-8557-5712-8199-370046A050F0}.Debug|x86.Build.0 = Debug|Any CPU
		{26AF86E3-8557-5712-8199-370046A050F0}.Release|Any CPU.ActiveCfg = Release|Any CPU
		{26AF86E3-8557-5712-8199-370046A050F0}.Release|Any CPU.Build.0 = Release|Any CPU
		{26AF86E3-8557-5712-8199-370046A050F0}.Release|x64.ActiveCfg = Release|Any CPU
		{26AF86E3-8557-5712-8199-370046A050F0}.Release|x64.Build.0 = Release|Any CPU
		{26AF86E3-8557-5712-8199-370046A050F0}.Release|x86.ActiveCfg = Release|Any CPU
		{26AF86E3-8557-5712-8199-370046A050F0}.Release|x86.Build.0 = Release|Any CPU
		{67731601-3B21-5599-A21D-B91B5C135A62}.Debug|Any CPU.ActiveCfg = Debug|Any CPU
		{67731601-3B21-5599-A21D-B91B5C135A62}.Debug|Any CPU.Build.0 = Debug|Any CPU
		{67731601-3B21-5599-A21D-B91B5C135A62}.Debug|x64.ActiveCfg = Debug|Any CPU
		{67731601-3B21-5599-A21D-B91B5C135A62}.Debug|x64.Build.0 = Debug|Any CPU
		{67731601-3B21-5599-A21D-B91B5C135A62}.Debug|x86.ActiveCfg = Debug|Any CPU
		{67731601-3B21-5599-A21D-B91B5C135A62}.Debug|x86.Build.0 = Debug|Any CPU
		{67731601-3B21-5599-A21D-B91B5C135A62}.Release|Any CPU.ActiveCfg = Release|Any CPU
		{67731601-3B21-5599-A21D-B91B5C135A62}.Release|Any CPU.Build.0 = Release|Any CPU
		{67731601-3B21-5599-A21D-B91B5C135A62}.Release|x64.ActiveCfg = Release|Any CPU
		{67731601-3B21-5599-A21D-B91B5C135A62}.Release|x64.Build.0 = Release|Any CPU
		{67731601-3B21-5599-A21D-B91B5C135A62}.Release|x86.ActiveCfg = Release|Any CPU
		{67731601-3B21-5599-A21D-B91B5C135A62}.Release|x86.Build.0 = Release|Any CPU
		{285BBFC8-CD86-4C27-9346-2C5CCBFE0B1A}.Debug|Any CPU.ActiveCfg = Debug|Any CPU
		{285BBFC8-CD86-4C27-9346-2C5CCBFE0B1A}.Debug|Any CPU.Build.0 = Debug|Any CPU
		{285BBFC8-CD86-4C27-9346-2C5CCBFE0B1A}.Debug|x64.ActiveCfg = Debug|Any CPU
		{285BBFC8-CD86-4C27-9346-2C5CCBFE0B1A}.Debug|x64.Build.0 = Debug|Any CPU
		{285BBFC8-CD86-4C27-9346-2C5CCBFE0B1A}.Debug|x86.ActiveCfg = Debug|Any CPU
		{285BBFC8-CD86-4C27-9346-2C5CCBFE0B1A}.Debug|x86.Build.0 = Debug|Any CPU
		{285BBFC8-CD86-4C27-9346-2C5CCBFE0B1A}.Release|Any CPU.ActiveCfg = Release|Any CPU
		{285BBFC8-CD86-4C27-9346-2C5CCBFE0B1A}.Release|Any CPU.Build.0 = Release|Any CPU
		{285BBFC8-CD86-4C27-9346-2C5CCBFE0B1A}.Release|x64.ActiveCfg = Release|Any CPU
		{285BBFC8-CD86-4C27-9346-2C5CCBFE0B1A}.Release|x64.Build.0 = Release|Any CPU
		{285BBFC8-CD86-4C27-9346-2C5CCBFE0B1A}.Release|x86.ActiveCfg = Release|Any CPU
		{285BBFC8-CD86-4C27-9346-2C5CCBFE0B1A}.Release|x86.Build.0 = Release|Any CPU
	EndGlobalSection
	GlobalSection(SolutionProperties) = preSolution
		HideSolutionNode = FALSE
	EndGlobalSection
	GlobalSection(NestedProjects) = preSolution
		{AB668BD8-B332-59EE-AC60-71090CE4277C} = {10000000-0000-0000-0000-000000000005}
		{E5296106-61E9-5E6E-8ED0-BF577585756B} = {10000000-0000-0000-0000-000000000005}
		{BE0B9D19-EECD-5966-A269-61C2AF95F9A0} = {10000000-0000-0000-0000-000000000005}
		{8A1CB06B-63BB-57F9-BF12-9C4501305CA1} = {10000000-0000-0000-0000-000000000005}
		{D68B20CC-D73A-533A-95BC-4BFEDE05ADA9} = {10000000-0000-0000-0000-000000000002}
		{7973FB41-F398-55B2-8203-289E02E8A3B7} = {10000000-0000-0000-0000-000000000002}
		{A9AD22B0-361B-5978-9015-7FE689EEF085} = {10000000-0000-0000-0000-000000000002}
		{4846ED08-F006-522E-A94F-9AAF598B46CA} = {10000000-0000-0000-0000-000000000002}
		{F6ED0407-46FD-5462-B480-DF9732D0AC5E} = {10000000-0000-0000-0000-000000000002}
		{348AC5C8-A07C-5864-8F9B-66AE91E607C7} = {10000000-0000-0000-0000-000000000002}
		{DCE42DF7-DB11-5200-8913-2A438C14D4A0} = {10000000-0000-0000-0000-000000000005}
		{D87261F7-7087-5B54-A474-E449BEC9E8ED} = {10000000-0000-0000-0000-000000000006}
		{FF92E890-03EF-54EE-BC0A-7740E23C5FB8} = {10000000-0000-0000-0000-000000000005}
		{BC214980-BAC0-5CAA-9E41-8788EC193175} = {10000000-0000-0000-0000-000000000003}
		{FDEA9AF8-4746-51EB-8527-A7DF53FAC129} = {10000000-0000-0000-0000-000000000003}
		{D10ADF4A-B170-5152-BEDE-C6D6D20237CA} = {10000000-0000-0000-0000-000000000003}
		{C2AEF255-7DE4-5746-983C-1490C679DA8F} = {10000000-0000-0000-0000-000000000003}
		{F9F873C0-92F7-5B73-87AD-71ADCB1F28A1} = {10000000-0000-0000-0000-000000000003}
		{3AAA0077-B4C1-5C57-9138-1CA288DDE49C} = {10000000-0000-0000-0000-000000000003}
		{E6FC32F2-B85E-5EC4-ABDA-F4F815FF4CF7} = {10000000-0000-0000-0000-000000000004}
		{35CB5B43-D867-5D7A-AF17-12668F566A21} = {10000000-0000-0000-0000-000000000004}
		{1799B5CA-7366-52CC-8883-2DEF6E55AC6A} = {10000000-0000-0000-0000-000000000004}
		{9740EC44-6103-57A9-9CAE-D1B8DC192876} = {10000000-0000-0000-0000-000000000004}
		{0C7D99C4-9423-56CD-B3EC-206CC0985E7B} = {10000000-0000-0000-0000-000000000003}
		{0E048687-1A29-53FF-A1AD-0FD42B3A6723} = {10000000-0000-0000-0000-000000000003}
		{90701FF1-3729-507C-A47F-C696FE28616B} = {10000000-0000-0000-0000-000000000003}
		{18A2BFBE-2392-563F-A838-2A5B55AA56BC} = {10000000-0000-0000-0000-000000000003}
		{B56C0D26-2C08-5B5C-9F4F-25C21260929D} = {10000000-0000-0000-0000-000000000003}
		{99F6A57D-3CF4-530F-A3AE-3387CCE6C021} = {10000000-0000-0000-0000-000000000003}
		{74102591-22D2-57B2-9FB2-FE8A1F62BBCA} = {10000000-0000-0000-0000-000000000003}
		{07324B7A-20B3-559C-8791-9EE3C368E594} = {10000000-0000-0000-0000-000000000003}
		{7C3FE388-420C-5AEA-BDBB-0AB274A947B9} = {10000000-0000-0000-0000-000000000003}
		{A18D4C9E-F4DA-4DF0-9B13-6CDE7D308EE1} = {10000000-0000-0000-0000-000000000001}
		{4DF80442-A1E5-CC28-AE7B-27B5F9BFE52B} = {827E0CD3-B72D-47B6-A68D-7590B98EB39B}
		{BC33A97B-D5EF-9001-1718-78DEB6F4F633} = {4DF80442-A1E5-CC28-AE7B-27B5F9BFE52B}
		{826779E8-57FD-1901-545C-70DC32320314} = {4DF80442-A1E5-CC28-AE7B-27B5F9BFE52B}
		{A998504A-201A-D09C-1B87-6D38A1C890C2} = {4DF80442-A1E5-CC28-AE7B-27B5F9BFE52B}
		{75FAD260-71C0-1C82-6492-D04CD34383EF} = {4DF80442-A1E5-CC28-AE7B-27B5F9BFE52B}
		{86012557-320B-59F9-4E7B-FD85FA1AA28D} = {4DF80442-A1E5-CC28-AE7B-27B5F9BFE52B}
		{5AB0C8D7-B6D6-E938-49B3-2C4B7BB45DD4} = {4DF80442-A1E5-CC28-AE7B-27B5F9BFE52B}
		{97FA567E-4696-D089-6B30-C3D8D73C0D33} = {5AB0C8D7-B6D6-E938-49B3-2C4B7BB45DD4}
		{D1696D16-C53A-E42F-AA73-83C476B25D9A} = {5AB0C8D7-B6D6-E938-49B3-2C4B7BB45DD4}
		{B4F9FAB4-F92D-EB6E-A6F8-B09128027E10} = {5AB0C8D7-B6D6-E938-49B3-2C4B7BB45DD4}
		{FCBEB316-2EBB-7D25-1F93-32724971C464} = {5AB0C8D7-B6D6-E938-49B3-2C4B7BB45DD4}
		{1058148A-E162-9E67-F544-E2A392DB7F9A} = {5AB0C8D7-B6D6-E938-49B3-2C4B7BB45DD4}
		{FCA01246-F2C6-0AA7-D43F-FD13BE0B9D88} = {827E0CD3-B72D-47B6-A68D-7590B98EB39B}
		{8B260A08-A83E-5A86-27DB-EBC08B683631} = {827E0CD3-B72D-47B6-A68D-7590B98EB39B}
		{C8E42992-5E42-0C2B-DBFE-AA848D06431C} = {827E0CD3-B72D-47B6-A68D-7590B98EB39B}
		{65ABFB5D-2B10-DF64-BF12-C17976F8E5D9} = {827E0CD3-B72D-47B6-A68D-7590B98EB39B}
		{285BBFC8-CD86-4C27-9346-2C5CCBFE0B1A} = {0AB3BF05-4346-4AA6-1389-037BE0695223}
	EndGlobalSection
	GlobalSection(ExtensibilityGlobals) = postSolution
		SolutionGuid = {4727A8D5-9775-48AD-86FF-60E1887CF073}
	EndGlobalSection
EndGlobal
